
Microsoft Visual Studio Solution File, Format Version 12.00
# Visual Studio Version 17
VisualStudioVersion = 17.5.33502.453
MinimumVisualStudioVersion = 10.0.40219.1
Project("{FAE04EC0-301F-11D3-BF4B-00C04F79EFBC}") = "Week13SQL_Lite", "Week13SQL_Lite\Week13SQL_Lite.csproj", "{9F599DF8-17FC-45DE-8F46-CCDB43BA495D}"
EndProject
Global
	GlobalSection(SolutionConfigurationPlatforms) = preSolution
		Debug|Any CPU = Debug|Any CPU
		Release|Any CPU = Release|Any CPU
	EndGlobalSection
	GlobalSection(ProjectConfigurationPlatforms) = postSolution
		{9F599DF8-17FC-45DE-8F46-CCDB43BA495D}.Debug|Any CPU.ActiveCfg = Debug|Any CPU
		{9F599DF8-17FC-45DE-8F46-CCDB43BA495D}.Debug|Any CPU.Build.0 = Debug|Any CPU
		{9F599DF8-17FC-45DE-8F46-CCDB43BA495D}.Release|Any CPU.ActiveCfg = Release|Any CPU
		{9F599DF8-17FC-45DE-8F46-CCDB43BA495D}.Release|Any CPU.Build.0 = Release|Any CPU
	EndGlobalSection
	GlobalSection(SolutionProperties) = preSolution
		HideSolutionNode = FALSE
	EndGlobalSection
	GlobalSection(ExtensibilityGlobals) = postSolution
		SolutionGuid = {2964700C-7F19-4A5A-B0BD-0FA40A5F28BB}
	EndGlobalSection
EndGlobal
